
Microsoft Visual Studio Solution File, Format Version 12.00
# Visual Studio Version 16
VisualStudioVersion = 16.0.30523.141
MinimumVisualStudioVersion = 10.0.40219.1
Project("{FAE04EC0-301F-11D3-BF4B-00C04F79EFBC}") = "PlaceMyBet", "PlaceMyBet\PlaceMyBet.csproj", "{49C220E2-BC6F-402C-935F-46F44BE7D36E}"
EndProject
Global
	GlobalSection(SolutionConfigurationPlatforms) = preSolution
		Debug|Any CPU = Debug|Any CPU
		Release|Any CPU = Release|Any CPU
	EndGlobalSection
	GlobalSection(ProjectConfigurationPlatforms) = postSolution
		{49C220E2-BC6F-402C-935F-46F44BE7D36E}.Debug|Any CPU.ActiveCfg = Debug|Any CPU
		{49C220E2-BC6F-402C-935F-46F44BE7D36E}.Debug|Any CPU.Build.0 = Debug|Any CPU
		{49C220E2-BC6F-402C-935F-46F44BE7D36E}.Release|Any CPU.ActiveCfg = Release|Any CPU
		{49C220E2-BC6F-402C-935F-46F44BE7D36E}.Release|Any CPU.Build.0 = Release|Any CPU
	EndGlobalSection
	GlobalSection(SolutionProperties) = preSolution
		HideSolutionNode = FALSE
	EndGlobalSection
	GlobalSection(ExtensibilityGlobals) = postSolution
		SolutionGuid = {C7365D31-8D03-45B1-ADC5-27DBD5F2AAD3}
	EndGlobalSection
EndGlobal
